
Microsoft Visual Studio Solution File, Format Version 12.00
# Visual Studio Version 16
VisualStudioVersion = 25.0.1706.8
MinimumVisualStudioVersion = 10.0.40219.1
Project("{FAE04EC0-301F-11D3-BF4B-00C04F79EFBC}") = "MyFirstWebServer", "MyFirstWebServer.csproj", "{B072AE53-BB06-440D-BD7F-66508FA4641E}"
EndProject
Global
	GlobalSection(SolutionConfigurationPlatforms) = preSolution
		Debug|Any CPU = Debug|Any CPU
		Release|Any CPU = Release|Any CPU
	EndGlobalSection
	GlobalSection(ProjectConfigurationPlatforms) = postSolution
		{B072AE53-BB06-440D-BD7F-66508FA4641E}.Debug|Any CPU.ActiveCfg = Debug|Any CPU
		{B072AE53-BB06-440D-BD7F-66508FA4641E}.Debug|Any CPU.Build.0 = Debug|Any CPU
		{B072AE53-BB06-440D-BD7F-66508FA4641E}.Release|Any CPU.ActiveCfg = Release|Any CPU
		{B072AE53-BB06-440D-BD7F-66508FA4641E}.Release|Any CPU.Build.0 = Release|Any CPU
	EndGlobalSection
	GlobalSection(SolutionProperties) = preSolution
		HideSolutionNode = FALSE
	EndGlobalSection
	GlobalSection(ExtensibilityGlobals) = postSolution
		SolutionGuid = {8DD7C554-0E41-49AF-9D32-F3760CEDC768}
	EndGlobalSection
EndGlobal
